PODS:
  - Alamofire (4.2.0)
  - CariocaMenu (1.1)
  - Charts (3.0.2):
    - Charts/Core (= 3.0.2)
  - Charts/Core (3.0.2)

DEPENDENCIES:
  - Alamofire (~> 4.2.0)
  - CariocaMenu
  - Charts

SPEC CHECKSUMS:
  Alamofire: aa2e09d871c9160ac53c90e83c68064a94e3dfbe
  CariocaMenu: 8a46b049005d42c0cc4e128c486c433f4c708a4b
  Charts: 236d6ccdd0ce6feae151d89e829a7397381a21fd

PODFILE CHECKSUM: 942abf16b4fe158a7f388d03e41b44004e4ccd5e

COCOAPODS: 1.2.1
